
Microsoft Visual Studio Solution File, Format Version 12.00
# Visual Studio 15
VisualStudioVersion = 15.0.27428.2015
MinimumVisualStudioVersion = 10.0.40219.1
Project("{FAE04EC0-301F-11D3-BF4B-00C04F79EFBC}") = "Web", "Web\Web.csproj", "{95987871-4D30-4DCF-B8B7-DB7811CE8982}"
EndProject
Global
	GlobalSection(SolutionConfigurationPlatforms) = preSolution
		Debug|Any CPU = Debug|Any CPU
		Release|Any CPU = Release|Any CPU
	EndGlobalSection
	GlobalSection(ProjectConfigurationPlatforms) = postSolution
		{95987871-4D30-4DCF-B8B7-DB7811CE8982}.Debug|Any CPU.ActiveCfg = Debug|Any CPU
		{95987871-4D30-4DCF-B8B7-DB7811CE8982}.Debug|Any CPU.Build.0 = Debug|Any CPU
		{95987871-4D30-4DCF-B8B7-DB7811CE8982}.Release|Any CPU.ActiveCfg = Release|Any CPU
		{95987871-4D30-4DCF-B8B7-DB7811CE8982}.Release|Any CPU.Build.0 = Release|Any CPU
	EndGlobalSection
	GlobalSection(SolutionProperties) = preSolution
		HideSolutionNode = FALSE
	EndGlobalSection
	GlobalSection(ExtensibilityGlobals) = postSolution
		SolutionGuid = {BA8DE8FC-91E5-486F-AF5C-5ABD68D63E0C}
	EndGlobalSection
EndGlobal
